
Microsoft Visual Studio Solution File, Format Version 12.00
# Visual Studio Version 16
VisualStudioVersion = 16.0.30114.105
MinimumVisualStudioVersion = 10.0.40219.1
Project("{FAE04EC0-301F-11D3-BF4B-00C04F79EFBC}") = "day0", "day0\day0.csproj", "{5B7909A2-24B8-4B4B-8BA3-18D3EF918FC1}"
EndProject
Project("{FAE04EC0-301F-11D3-BF4B-00C04F79EFBC}") = "day0-1", "day0-1\day0-1.csproj", "{338FDB80-FF10-40D9-A044-8CBAB3446FC8}"
EndProject
Project("{FAE04EC0-301F-11D3-BF4B-00C04F79EFBC}") = "day0-2", "day0-2\day0-2.csproj", "{936D2FD6-D985-4AEB-AA6D-E47D17A2BA0E}"
EndProject
Project("{FAE04EC0-301F-11D3-BF4B-00C04F79EFBC}") = "day0-3", "day0-3\day0-3.csproj", "{42D53781-DABF-49C6-8420-565488A71B89}"
EndProject
Project("{FAE04EC0-301F-11D3-BF4B-00C04F79EFBC}") = "day1", "day1\day1.csproj", "{5A0F6C26-B3EA-478E-AA0C-9B8D88740476}"
EndProject
Project("{FAE04EC0-301F-11D3-BF4B-00C04F79EFBC}") = "day1-1", "day1-1\day1-1.csproj", "{6850767C-9A09-4707-952D-6AF6511B2E89}"
EndProject
Project("{FAE04EC0-301F-11D3-BF4B-00C04F79EFBC}") = "day1-2", "day1-2\day1-2.csproj", "{6ED4DBFF-D401-44EA-B9B2-3C5885BAD39A}"
EndProject
Project("{FAE04EC0-301F-11D3-BF4B-00C04F79EFBC}") = "day1-3", "day1-3\day1-3.csproj", "{4F7ECE89-686C-44BB-8B10-6960BB96CD49}"
EndProject
Project("{FAE04EC0-301F-11D3-BF4B-00C04F79EFBC}") = "day2", "day2\day2.csproj", "{81EFD2AF-46D0-4F35-87C2-4528F20F036F}"
EndProject
Project("{FAE04EC0-301F-11D3-BF4B-00C04F79EFBC}") = "day3", "day3\day3.csproj", "{65E79CE6-E28D-4768-813F-EC6F54164D24}"
EndProject
Project("{FAE04EC0-301F-11D3-BF4B-00C04F79EFBC}") = "day3-1", "day3-1\day3-1.csproj", "{FA50ED0C-F2D5-4FB3-8B4E-F69A49156F36}"
EndProject
Global
	GlobalSection(SolutionConfigurationPlatforms) = preSolution
		Debug|Any CPU = Debug|Any CPU
		Release|Any CPU = Release|Any CPU
	EndGlobalSection
	GlobalSection(SolutionProperties) = preSolution
		HideSolutionNode = FALSE
	EndGlobalSection
	GlobalSection(ProjectConfigurationPlatforms) = postSolution
		{5B7909A2-24B8-4B4B-8BA3-18D3EF918FC1}.Debug|Any CPU.ActiveCfg = Debug|Any CPU
		{5B7909A2-24B8-4B4B-8BA3-18D3EF918FC1}.Debug|Any CPU.Build.0 = Debug|Any CPU
		{5B7909A2-24B8-4B4B-8BA3-18D3EF918FC1}.Release|Any CPU.ActiveCfg = Release|Any CPU
		{5B7909A2-24B8-4B4B-8BA3-18D3EF918FC1}.Release|Any CPU.Build.0 = Release|Any CPU
		{338FDB80-FF10-40D9-A044-8CBAB3446FC8}.Debug|Any CPU.ActiveCfg = Debug|Any CPU
		{338FDB80-FF10-40D9-A044-8CBAB3446FC8}.Debug|Any CPU.Build.0 = Debug|Any CPU
		{338FDB80-FF10-40D9-A044-8CBAB3446FC8}.Release|Any CPU.ActiveCfg = Release|Any CPU
		{338FDB80-FF10-40D9-A044-8CBAB3446FC8}.Release|Any CPU.Build.0 = Release|Any CPU
		{936D2FD6-D985-4AEB-AA6D-E47D17A2BA0E}.Debug|Any CPU.ActiveCfg = Debug|Any CPU
		{936D2FD6-D985-4AEB-AA6D-E47D17A2BA0E}.Debug|Any CPU.Build.0 = Debug|Any CPU
		{936D2FD6-D985-4AEB-AA6D-E47D17A2BA0E}.Release|Any CPU.ActiveCfg = Release|Any CPU
		{936D2FD6-D985-4AEB-AA6D-E47D17A2BA0E}.Release|Any CPU.Build.0 = Release|Any CPU
		{42D53781-DABF-49C6-8420-565488A71B89}.Debug|Any CPU.ActiveCfg = Debug|Any CPU
		{42D53781-DABF-49C6-8420-565488A71B89}.Debug|Any CPU.Build.0 = Debug|Any CPU
		{42D53781-DABF-49C6-8420-565488A71B89}.Release|Any CPU.ActiveCfg = Release|Any CPU
		{42D53781-DABF-49C6-8420-565488A71B89}.Release|Any CPU.Build.0 = Release|Any CPU
		{5A0F6C26-B3EA-478E-AA0C-9B8D88740476}.Debug|Any CPU.ActiveCfg = Debug|Any CPU
		{5A0F6C26-B3EA-478E-AA0C-9B8D88740476}.Debug|Any CPU.Build.0 = Debug|Any CPU
		{5A0F6C26-B3EA-478E-AA0C-9B8D88740476}.Release|Any CPU.ActiveCfg = Release|Any CPU
		{5A0F6C26-B3EA-478E-AA0C-9B8D88740476}.Release|Any CPU.Build.0 = Release|Any CPU
		{6850767C-9A09-4707-952D-6AF6511B2E89}.Debug|Any CPU.ActiveCfg = Debug|Any CPU
		{6850767C-9A09-4707-952D-6AF6511B2E89}.Debug|Any CPU.Build.0 = Debug|Any CPU
		{6850767C-9A09-4707-952D-6AF6511B2E89}.Release|Any CPU.ActiveCfg = Release|Any CPU
		{6850767C-9A09-4707-952D-6AF6511B2E89}.Release|Any CPU.Build.0 = Release|Any CPU
		{6ED4DBFF-D401-44EA-B9B2-3C5885BAD39A}.Debug|Any CPU.ActiveCfg = Debug|Any CPU
		{6ED4DBFF-D401-44EA-B9B2-3C5885BAD39A}.Debug|Any CPU.Build.0 = Debug|Any CPU
		{6ED4DBFF-D401-44EA-B9B2-3C5885BAD39A}.Release|Any CPU.ActiveCfg = Release|Any CPU
		{6ED4DBFF-D401-44EA-B9B2-3C5885BAD39A}.Release|Any CPU.Build.0 = Release|Any CPU
		{4F7ECE89-686C-44BB-8B10-6960BB96CD49}.Debug|Any CPU.ActiveCfg = Debug|Any CPU
		{4F7ECE89-686C-44BB-8B10-6960BB96CD49}.Debug|Any CPU.Build.0 = Debug|Any CPU
		{4F7ECE89-686C-44BB-8B10-6960BB96CD49}.Release|Any CPU.ActiveCfg = Release|Any CPU
		{4F7ECE89-686C-44BB-8B10-6960BB96CD49}.Release|Any CPU.Build.0 = Release|Any CPU
		{81EFD2AF-46D0-4F35-87C2-4528F20F036F}.Debug|Any CPU.ActiveCfg = Debug|Any CPU
		{81EFD2AF-46D0-4F35-87C2-4528F20F036F}.Debug|Any CPU.Build.0 = Debug|Any CPU
		{81EFD2AF-46D0-4F35-87C2-4528F20F036F}.Release|Any CPU.ActiveCfg = Release|Any CPU
		{81EFD2AF-46D0-4F35-87C2-4528F20F036F}.Release|Any CPU.Build.0 = Release|Any CPU
		{65E79CE6-E28D-4768-813F-EC6F54164D24}.Debug|Any CPU.ActiveCfg = Debug|Any CPU
		{65E79CE6-E28D-4768-813F-EC6F54164D24}.Debug|Any CPU.Build.0 = Debug|Any CPU
		{65E79CE6-E28D-4768-813F-EC6F54164D24}.Release|Any CPU.ActiveCfg = Release|Any CPU
		{65E79CE6-E28D-4768-813F-EC6F54164D24}.Release|Any CPU.Build.0 = Release|Any CPU
		{FA50ED0C-F2D5-4FB3-8B4E-F69A49156F36}.Debug|Any CPU.ActiveCfg = Debug|Any CPU
		{FA50ED0C-F2D5-4FB3-8B4E-F69A49156F36}.Debug|Any CPU.Build.0 = Debug|Any CPU
		{FA50ED0C-F2D5-4FB3-8B4E-F69A49156F36}.Release|Any CPU.ActiveCfg = Release|Any CPU
		{FA50ED0C-F2D5-4FB3-8B4E-F69A49156F36}.Release|Any CPU.Build.0 = Release|Any CPU
	EndGlobalSection
EndGlobal
